// !$*UTF8*$!
{
	archiveVersion = 1;
	classes = {
	};
	objectVersion = 56;
	objects = {

/* Begin PBXBuildFile section */
		7FDEA6EEFA73ABD9878B2676 /* Pods_GithubUserSearchApp.framework in Frameworks */ = {isa = PBXBuildFile; fileRef = 5DBB11F1AAD2E44D4A2C187F /* Pods_GithubUserSearchApp.framework */; };
		D91456BA2B5C5E16006A06DA /* User.swift in Sources */ = {isa = PBXBuildFile; fileRef = D91456B92B5C5E16006A06DA /* User.swift */; };
		D91456BF2B5C6231006A06DA /* UserViewModel.swift in Sources */ = {isa = PBXBuildFile; fileRef = D91456BE2B5C6231006A06DA /* UserViewModel.swift */; };
		D91456C12B5C6304006A06DA /* UserController.swift in Sources */ = {isa = PBXBuildFile; fileRef = D91456C02B5C6304006A06DA /* UserController.swift */; };
		D9C72B692B5D38DB009423CD /* NetworkHelper.swift in Sources */ = {isa = PBXBuildFile; fileRef = D9C72B682B5D38DB009423CD /* NetworkHelper.swift */; };
		D9C72B6B2B5D38EF009423CD /* NetworkManager.swift in Sources */ = {isa = PBXBuildFile; fileRef = D9C72B6A2B5D38EF009423CD /* NetworkManager.swift */; };
		D9C72B6E2B5D3C26009423CD /* UserNetwork.swift in Sources */ = {isa = PBXBuildFile; fileRef = D9C72B6D2B5D3C26009423CD /* UserNetwork.swift */; };
		D9E893E32B5B13E000CE7919 /* AppDelegate.swift in Sources */ = {isa = PBXBuildFile; fileRef = D9E893E22B5B13E000CE7919 /* AppDelegate.swift */; };
		D9E893E52B5B13E000CE7919 /* SceneDelegate.swift in Sources */ = {isa = PBXBuildFile; fileRef = D9E893E42B5B13E000CE7919 /* SceneDelegate.swift */; };
		D9E893EA2B5B13E000CE7919 /* Main.storyboard in Resources */ = {isa = PBXBuildFile; fileRef = D9E893E82B5B13E000CE7919 /* Main.storyboard */; };
		D9E893ED2B5B13E000CE7919 /* GithubUserSearchApp.xcdatamodeld in Sources */ = {isa = PBXBuildFile; fileRef = D9E893EB2B5B13E000CE7919 /* GithubUserSearchApp.xcdatamodeld */; };
		D9E893EF2B5B13E200CE7919 /* Assets.xcassets in Resources */ = {isa = PBXBuildFile; fileRef = D9E893EE2B5B13E200CE7919 /* Assets.xcassets */; };
		D9E893F22B5B13E200CE7919 /* LaunchScreen.storyboard in Resources */ = {isa = PBXBuildFile; fileRef = D9E893F02B5B13E200CE7919 /* LaunchScreen.storyboard */; };
/* End PBXBuildFile section */

/* Begin PBXFileReference section */
		5DBB11F1AAD2E44D4A2C187F /* Pods_GithubUserSearchApp.framework */ = {isa = PBXFileReference; explicitFileType = wrapper.framework; includeInIndex = 0; path = Pods_GithubUserSearchApp.framework; sourceTree = BUILT_PRODUCTS_DIR; };
		9AA207D1F5C469486CEA3FC5 /* Pods-GithubUserSearchApp.debug.xcconfig */ = {isa = PBXFileReference; includeInIndex = 1; lastKnownFileType = text.xcconfig; name = "Pods-GithubUserSearchApp.debug.xcconfig"; path = "Target Support Files/Pods-GithubUserSearchApp/Pods-GithubUserSearchApp.debug.xcconfig"; sourceTree = "<group>"; };
		CAFB5805033F7C03F2745F60 /* Pods-GithubUserSearchApp.release.xcconfig */ = {isa = PBXFileReference; includeInIndex = 1; lastKnownFileType = text.xcconfig; name = "Pods-GithubUserSearchApp.release.xcconfig"; path = "Target Support Files/Pods-GithubUserSearchApp/Pods-GithubUserSearchApp.release.xcconfig"; sourceTree = "<group>"; };
		D91456B92B5C5E16006A06DA /* User.swift */ = {isa = PBXFileReference; lastKnownFileType = sourcecode.swift; path = User.swift; sourceTree = "<group>"; };
		D91456BE2B5C6231006A06DA /* UserViewModel.swift */ = {isa = PBXFileReference; lastKnownFileType = sourcecode.swift; path = UserViewModel.swift; sourceTree = "<group>"; };
		D91456C02B5C6304006A06DA /* UserController.swift */ = {isa = PBXFileReference; lastKnownFileType = sourcecode.swift; path = UserController.swift; sourceTree = "<group>"; };
		D9C72B682B5D38DB009423CD /* NetworkHelper.swift */ = {isa = PBXFileReference; lastKnownFileType = sourcecode.swift; path = NetworkHelper.swift; sourceTree = "<group>"; };
		D9C72B6A2B5D38EF009423CD /* NetworkManager.swift */ = {isa = PBXFileReference; lastKnownFileType = sourcecode.swift; path = NetworkManager.swift; sourceTree = "<group>"; };
		D9C72B6D2B5D3C26009423CD /* UserNetwork.swift */ = {isa = PBXFileReference; lastKnownFileType = sourcecode.swift; path = UserNetwork.swift; sourceTree = "<group>"; };
		D9E893DF2B5B13E000CE7919 /* GithubUserSearchApp.app */ = {isa = PBXFileReference; explicitFileType = wrapper.application; includeInIndex = 0; path = GithubUserSearchApp.app; sourceTree = BUILT_PRODUCTS_DIR; };
		D9E893E22B5B13E000CE7919 /* AppDelegate.swift */ = {isa = PBXFileReference; lastKnownFileType = sourcecode.swift; path = AppDelegate.swift; sourceTree = "<group>"; };
		D9E893E42B5B13E000CE7919 /* SceneDelegate.swift */ = {isa = PBXFileReference; lastKnownFileType = sourcecode.swift; path = SceneDelegate.swift; sourceTree = "<group>"; };
		D9E893E92B5B13E000CE7919 /* Base */ = {isa = PBXFileReference; lastKnownFileType = file.storyboard; name = Base; path = Base.lproj/Main.storyboard; sourceTree = "<group>"; };
		D9E893EC2B5B13E000CE7919 /* GithubUserSearchApp.xcdatamodel */ = {isa = PBXFileReference; lastKnownFileType = wrapper.xcdatamodel; path = GithubUserSearchApp.xcdatamodel; sourceTree = "<group>"; };
		D9E893EE2B5B13E200CE7919 /* Assets.xcassets */ = {isa = PBXFileReference; lastKnownFileType = folder.assetcatalog; path = Assets.xcassets; sourceTree = "<group>"; };
		D9E893F12B5B13E200CE7919 /* Base */ = {isa = PBXFileReference; lastKnownFileType = file.storyboard; name = Base; path = Base.lproj/LaunchScreen.storyboard; sourceTree = "<group>"; };
		D9E893F32B5B13E200CE7919 /* Info.plist */ = {isa = PBXFileReference; lastKnownFileType = text.plist.xml; path = Info.plist; sourceTree = "<group>"; };
/* End PBXFileReference section */

/* Begin PBXFrameworksBuildPhase section */
		D9E893DC2B5B13E000CE7919 /* Frameworks */ = {
			isa = PBXFrameworksBuildPhase;
			buildActionMask = 2147483647;
			files = (
				7FDEA6EEFA73ABD9878B2676 /* Pods_GithubUserSearchApp.framework in Frameworks */,
			);
			runOnlyForDeploymentPostprocessing = 0;
		};
/* End PBXFrameworksBuildPhase section */

/* Begin PBXGroup section */
		339EFA23EB068531FD95737B /* Frameworks */ = {
			isa = PBXGroup;
			children = (
				5DBB11F1AAD2E44D4A2C187F /* Pods_GithubUserSearchApp.framework */,
			);
			name = Frameworks;
			sourceTree = "<group>";
		};
		9D1AA3E54536B98E8D039EB1 /* Pods */ = {
			isa = PBXGroup;
			children = (
				9AA207D1F5C469486CEA3FC5 /* Pods-GithubUserSearchApp.debug.xcconfig */,
				CAFB5805033F7C03F2745F60 /* Pods-GithubUserSearchApp.release.xcconfig */,
			);
			path = Pods;
			sourceTree = "<group>";
		};
		D91456B42B5C5D94006A06DA /* Scenes */ = {
			isa = PBXGroup;
			children = (
				D91456B92B5C5E16006A06DA /* User.swift */,
				D91456C02B5C6304006A06DA /* UserController.swift */,
				D91456BE2B5C6231006A06DA /* UserViewModel.swift */,
			);
			path = Scenes;
			sourceTree = "<group>";
		};
		D91456B62B5C5DCD006A06DA /* Network */ = {
			isa = PBXGroup;
			children = (
				D9C72B6C2B5D3BC1009423CD /* CoreLayer */,
			);
			name = Network;
			path = ../Network;
			sourceTree = "<group>";
		};
		D91456C22B5C8325006A06DA /* Support */ = {
			isa = PBXGroup;
			children = (
				D9E893F32B5B13E200CE7919 /* Info.plist */,
				D9E893EB2B5B13E000CE7919 /* GithubUserSearchApp.xcdatamodeld */,
			);
			path = Support;
			sourceTree = "<group>";
		};
		D91456C32B5C8334006A06DA /* App */ = {
			isa = PBXGroup;
			children = (
				D9E893E22B5B13E000CE7919 /* AppDelegate.swift */,
				D9E893E42B5B13E000CE7919 /* SceneDelegate.swift */,
			);
			name = App;
			path = "Aüüa";
			sourceTree = "<group>";
		};
		D91456C42B5C8367006A06DA /* Screen */ = {
			isa = PBXGroup;
			children = (
				D9E893EE2B5B13E200CE7919 /* Assets.xcassets */,
				D9E893E82B5B13E000CE7919 /* Main.storyboard */,
				D9E893F02B5B13E200CE7919 /* LaunchScreen.storyboard */,
			);
			path = Screen;
			sourceTree = "<group>";
		};
		D9C72B6C2B5D3BC1009423CD /* CoreLayer */ = {
			isa = PBXGroup;
			children = (
				D9C72B682B5D38DB009423CD /* NetworkHelper.swift */,
				D9C72B6A2B5D38EF009423CD /* NetworkManager.swift */,
				D9C72B6D2B5D3C26009423CD /* UserNetwork.swift */,
			);
			path = CoreLayer;
			sourceTree = "<group>";
		};
		D9E893D62B5B13E000CE7919 = {
			isa = PBXGroup;
			children = (
				D9E893E12B5B13E000CE7919 /* GithubUserSearchApp */,
				D9E893E02B5B13E000CE7919 /* Products */,
				9D1AA3E54536B98E8D039EB1 /* Pods */,
				339EFA23EB068531FD95737B /* Frameworks */,
			);
			sourceTree = "<group>";
		};
		D9E893E02B5B13E000CE7919 /* Products */ = {
			isa = PBXGroup;
			children = (
				D9E893DF2B5B13E000CE7919 /* GithubUserSearchApp.app */,
			);
			name = Products;
			sourceTree = "<group>";
		};
		D9E893E12B5B13E000CE7919 /* GithubUserSearchApp */ = {
			isa = PBXGroup;
			children = (
				D91456C32B5C8334006A06DA /* App */,
				D91456C22B5C8325006A06DA /* Support */,
				D91456B62B5C5DCD006A06DA /* Network */,
				D91456C42B5C8367006A06DA /* Screen */,
				D91456B42B5C5D94006A06DA /* Scenes */,
			);
			path = GithubUserSearchApp;
			sourceTree = "<group>";
		};
/* End PBXGroup section */

/* Begin PBXNativeTarget section */
		D9E893DE2B5B13E000CE7919 /* GithubUserSearchApp */ = {
			isa = PBXNativeTarget;
			buildConfigurationList = D9E893F62B5B13E200CE7919 /* Build configuration list for PBXNativeTarget "GithubUserSearchApp" */;
			buildPhases = (
				ADD4307E47EFEC4D957E54DD /* [CP] Check Pods Manifest.lock */,
				D9E893DB2B5B13E000CE7919 /* Sources */,
				D9E893DC2B5B13E000CE7919 /* Frameworks */,
				D9E893DD2B5B13E000CE7919 /* Resources */,
				C3C2C7A3CDA7A1C4BC8BF41B /* [CP] Embed Pods Frameworks */,
			);
			buildRules = (
			);
			dependencies = (
			);
			name = GithubUserSearchApp;
			productName = GithubUserSearchApp;
			productReference = D9E893DF2B5B13E000CE7919 /* GithubUserSearchApp.app */;
			productType = "com.apple.product-type.application";
		};
/* End PBXNativeTarget section */

/* Begin PBXProject section */
		D9E893D72B5B13E000CE7919 /* Project object */ = {
			isa = PBXProject;
			attributes = {
				BuildIndependentTargetsInParallel = 1;
				LastSwiftUpdateCheck = 1520;
				LastUpgradeCheck = 1520;
				TargetAttributes = {
					D9E893DE2B5B13E000CE7919 = {
						CreatedOnToolsVersion = 15.2;
					};
				};
			};
			buildConfigurationList = D9E893DA2B5B13E000CE7919 /* Build configuration list for PBXProject "GithubUserSearchApp" */;
			compatibilityVersion = "Xcode 14.0";
			developmentRegion = en;
			hasScannedForEncodings = 0;
			knownRegions = (
				en,
				Base,
			);
			mainGroup = D9E893D62B5B13E000CE7919;
			productRefGroup = D9E893E02B5B13E000CE7919 /* Products */;
			projectDirPath = "";
			projectRoot = "";
			targets = (
				D9E893DE2B5B13E000CE7919 /* GithubUserSearchApp */,
			);
		};
/* End PBXProject section */

/* Begin PBXResourcesBuildPhase section */
		D9E893DD2B5B13E000CE7919 /* Resources */ = {
			isa = PBXResourcesBuildPhase;
			buildActionMask = 2147483647;
			files = (
				D9E893F22B5B13E200CE7919 /* LaunchScreen.storyboard in Resources */,
				D9E893EF2B5B13E200CE7919 /* Assets.xcassets in Resources */,
				D9E893EA2B5B13E000CE7919 /* Main.storyboard in Resources */,
			);
			runOnlyForDeploymentPostprocessing = 0;
		};
/* End PBXResourcesBuildPhase section */

/* Begin PBXShellScriptBuildPhase section */
		ADD4307E47EFEC4D957E54DD /* [CP] Check Pods Manifest.lock */ = {
			isa = PBXShellScriptBuildPhase;
			buildActionMask = 2147483647;
			files = (
			);
			inputFileListPaths = (
			);
			inputPaths = (
				"${PODS_PODFILE_DIR_PATH}/Podfile.lock",
				"${PODS_ROOT}/Manifest.lock",
			);
			name = "[CP] Check Pods Manifest.lock";
			outputFileListPaths = (
			);
			outputPaths = (
				"$(DERIVED_FILE_DIR)/Pods-GithubUserSearchApp-checkManifestLockResult.txt",
			);
			runOnlyForDeploymentPostprocessing = 0;
			shellPath = /bin/sh;
			shellScript = "diff \"${PODS_PODFILE_DIR_PATH}/Podfile.lock\" \"${PODS_ROOT}/Manifest.lock\" > /dev/null\nif [ $? != 0 ] ; then\n    # print error to STDERR\n    echo \"error: The sandbox is not in sync with the Podfile.lock. Run 'pod install' or update your CocoaPods installation.\" >&2\n    exit 1\nfi\n# This output is used by Xcode 'outputs' to avoid re-running this script phase.\necho \"SUCCESS\" > \"${SCRIPT_OUTPUT_FILE_0}\"\n";
			showEnvVarsInLog = 0;
		};
		C3C2C7A3CDA7A1C4BC8BF41B /* [CP] Embed Pods Frameworks */ = {
			isa = PBXShellScriptBuildPhase;
			buildActionMask = 2147483647;
			files = (
			);
			inputFileListPaths = (
				"${PODS_ROOT}/Target Support Files/Pods-GithubUserSearchApp/Pods-GithubUserSearchApp-frameworks-${CONFIGURATION}-input-files.xcfilelist",
			);
			name = "[CP] Embed Pods Frameworks";
			outputFileListPaths = (
				"${PODS_ROOT}/Target Support Files/Pods-GithubUserSearchApp/Pods-GithubUserSearchApp-frameworks-${CONFIGURATION}-output-files.xcfilelist",
			);
			runOnlyForDeploymentPostprocessing = 0;
			shellPath = /bin/sh;
			shellScript = "\"${PODS_ROOT}/Target Support Files/Pods-GithubUserSearchApp/Pods-GithubUserSearchApp-frameworks.sh\"\n";
			showEnvVarsInLog = 0;
		};
/* End PBXShellScriptBuildPhase section */

/* Begin PBXSourcesBuildPhase section */
		D9E893DB2B5B13E000CE7919 /* Sources */ = {
			isa = PBXSourcesBuildPhase;
			buildActionMask = 2147483647;
			files = (
				D9C72B6B2B5D38EF009423CD /* NetworkManager.swift in Sources */,
				D9C72B692B5D38DB009423CD /* NetworkHelper.swift in Sources */,
				D91456C12B5C6304006A06DA /* UserController.swift in Sources */,
				D9E893E32B5B13E000CE7919 /* AppDelegate.swift in Sources */,
				D91456BF2B5C6231006A06DA /* UserViewModel.swift in Sources */,
				D9E893ED2B5B13E000CE7919 /* GithubUserSearchApp.xcdatamodeld in Sources */,
				D9C72B6E2B5D3C26009423CD /* UserNetwork.swift in Sources */,
				D91456BA2B5C5E16006A06DA /* User.swift in Sources */,
				D9E893E52B5B13E000CE7919 /* SceneDelegate.swift in Sources */,
			);
			runOnlyForDeploymentPostprocessing = 0;
		};
/* End PBXSourcesBuildPhase section */

/* Begin PBXVariantGroup section */
		D9E893E82B5B13E000CE7919 /* Main.storyboard */ = {
			isa = PBXVariantGroup;
			children = (
				D9E893E92B5B13E000CE7919 /* Base */,
			);
			name = Main.storyboard;
			sourceTree = "<group>";
		};
		D9E893F02B5B13E200CE7919 /* LaunchScreen.storyboard */ = {
			isa = PBXVariantGroup;
			children = (
				D9E893F12B5B13E200CE7919 /* Base */,
			);
			name = LaunchScreen.storyboard;
			sourceTree = "<group>";
		};
/* End PBXVariantGroup section */

/* Begin XCBuildConfiguration section */
		D9E893F42B5B13E200CE7919 /* Debug */ = {
			isa = XCBuildConfiguration;
			buildSettings = {
				ALWAYS_SEARCH_USER_PATHS = NO;
				ASSETCATALOG_COMPILER_GENERATE_SWIFT_ASSET_SYMBOL_EXTENSIONS = YES;
				CLANG_ANALYZER_NONNULL = YES;
				CLANG_ANALYZER_NUMBER_OBJECT_CONVERSION = YES_AGGRESSIVE;
				CLANG_CXX_LANGUAGE_STANDARD = "gnu++20";
				CLANG_ENABLE_MODULES = YES;
				CLANG_ENABLE_OBJC_ARC = YES;
				CLANG_ENABLE_OBJC_WEAK = YES;
				CLANG_WARN_BLOCK_CAPTURE_AUTORELEASING = YES;
				CLANG_WARN_BOOL_CONVERSION = YES;
				CLANG_WARN_COMMA = YES;
				CLANG_WARN_CONSTANT_CONVERSION = YES;
				CLANG_WARN_DEPRECATED_OBJC_IMPLEMENTATIONS = YES;
				CLANG_WARN_DIRECT_OBJC_ISA_USAGE = YES_ERROR;
				CLANG_WARN_DOCUMENTATION_COMMENTS = YES;
				CLANG_WARN_EMPTY_BODY = YES;
				CLANG_WARN_ENUM_CONVERSION = YES;
				CLANG_WARN_INFINITE_RECURSION = YES;
				CLANG_WARN_INT_CONVERSION = YES;
				CLANG_WARN_NON_LITERAL_NULL_CONVERSION = YES;
				CLANG_WARN_OBJC_IMPLICIT_RETAIN_SELF = YES;
				CLANG_WARN_OBJC_LITERAL_CONVERSION = YES;
				CLANG_WARN_OBJC_ROOT_CLASS = YES_ERROR;
				CLANG_WARN_QUOTED_INCLUDE_IN_FRAMEWORK_HEADER = YES;
				CLANG_WARN_RANGE_LOOP_ANALYSIS = YES;
				CLANG_WARN_STRICT_PROTOTYPES = YES;
				CLANG_WARN_SUSPICIOUS_MOVE = YES;
				CLANG_WARN_UNGUARDED_AVAILABILITY = YES_AGGRESSIVE;
				CLANG_WARN_UNREACHABLE_CODE = YES;
				CLANG_WARN__DUPLICATE_METHOD_MATCH = YES;
				COPY_PHASE_STRIP = NO;
				DEBUG_INFORMATION_FORMAT = dwarf;
				ENABLE_STRICT_OBJC_MSGSEND = YES;
				ENABLE_TESTABILITY = YES;
				ENABLE_USER_SCRIPT_SANDBOXING = NO;
				GCC_C_LANGUAGE_STANDARD = gnu17;
				GCC_DYNAMIC_NO_PIC = NO;
				GCC_NO_COMMON_BLOCKS = YES;
				GCC_OPTIMIZATION_LEVEL = 0;
				GCC_PREPROCESSOR_DEFINITIONS = (
					"DEBUG=1",
					"$(inherited)",
				);
				GCC_WARN_64_TO_32_BIT_CONVERSION = YES;
				GCC_WARN_ABOUT_RETURN_TYPE = YES_ERROR;
				GCC_WARN_UNDECLARED_SELECTOR = YES;
				GCC_WARN_UNINITIALIZED_AUTOS = YES_AGGRESSIVE;
				GCC_WARN_UNUSED_FUNCTION = YES;
				GCC_WARN_UNUSED_VARIABLE = YES;
				IPHONEOS_DEPLOYMENT_TARGET = 17.2;
				LOCALIZATION_PREFERS_STRING_CATALOGS = YES;
				MTL_ENABLE_DEBUG_INFO = INCLUDE_SOURCE;
				MTL_FAST_MATH = YES;
				ONLY_ACTIVE_ARCH = YES;
				SDKROOT = iphoneos;
				SWIFT_ACTIVE_COMPILATION_CONDITIONS = "DEBUG $(inherited)";
				SWIFT_OPTIMIZATION_LEVEL = "-Onone";
			};
			name = Debug;
		};
		D9E893F52B5B13E200CE7919 /* Release */ = {
			isa = XCBuildConfiguration;
			buildSettings = {
				ALWAYS_SEARCH_USER_PATHS = NO;
				ASSETCATALOG_COMPILER_GENERATE_SWIFT_ASSET_SYMBOL_EXTENSIONS = YES;
				CLANG_ANALYZER_NONNULL = YES;
				CLANG_ANALYZER_NUMBER_OBJECT_CONVERSION = YES_AGGRESSIVE;
				CLANG_CXX_LANGUAGE_STANDARD = "gnu++20";
				CLANG_ENABLE_MODULES = YES;
				CLANG_ENABLE_OBJC_ARC = YES;
				CLANG_ENABLE_OBJC_WEAK = YES;
				CLANG_WARN_BLOCK_CAPTURE_AUTORELEASING = YES;
				CLANG_WARN_BOOL_CONVERSION = YES;
				CLANG_WARN_COMMA = YES;
				CLANG_WARN_CONSTANT_CONVERSION = YES;
				CLANG_WARN_DEPRECATED_OBJC_IMPLEMENTATIONS = YES;
				CLANG_WARN_DIRECT_OBJC_ISA_USAGE = YES_ERROR;
				CLANG_WARN_DOCUMENTATION_COMMENTS = YES;
				CLANG_WARN_EMPTY_BODY = YES;
				CLANG_WARN_ENUM_CONVERSION = YES;
				CLANG_WARN_INFINITE_RECURSION = YES;
				CLANG_WARN_INT_CONVERSION = YES;
				CLANG_WARN_NON_LITERAL_NULL_CONVERSION = YES;
				CLANG_WARN_OBJC_IMPLICIT_RETAIN_SELF = YES;
				CLANG_WARN_OBJC_LITERAL_CONVERSION = YES;
				CLANG_WARN_OBJC_ROOT_CLASS = YES_ERROR;
				CLANG_WARN_QUOTED_INCLUDE_IN_FRAMEWORK_HEADER = YES;
				CLANG_WARN_RANGE_LOOP_ANALYSIS = YES;
				CLANG_WARN_STRICT_PROTOTYPES = YES;
				CLANG_WARN_SUSPICIOUS_MOVE = YES;
				CLANG_WARN_UNGUARDED_AVAILABILITY = YES_AGGRESSIVE;
				CLANG_WARN_UNREACHABLE_CODE = YES;
				CLANG_WARN__DUPLICATE_METHOD_MATCH = YES;
				COPY_PHASE_STRIP = NO;
				DEBUG_INFORMATION_FORMAT = "dwarf-with-dsym";
				ENABLE_NS_ASSERTIONS = NO;
				ENABLE_STRICT_OBJC_MSGSEND = YES;
				ENABLE_USER_SCRIPT_SANDBOXING = NO;
				GCC_C_LANGUAGE_STANDARD = gnu17;
				GCC_NO_COMMON_BLOCKS = YES;
				GCC_WARN_64_TO_32_BIT_CONVERSION = YES;
				GCC_WARN_ABOUT_RETURN_TYPE = YES_ERROR;
				GCC_WARN_UNDECLARED_SELECTOR = YES;
				GCC_WARN_UNINITIALIZED_AUTOS = YES_AGGRESSIVE;
				GCC_WARN_UNUSED_FUNCTION = YES;
				GCC_WARN_UNUSED_VARIABLE = YES;
				IPHONEOS_DEPLOYMENT_TARGET = 17.2;
				LOCALIZATION_PREFERS_STRING_CATALOGS = YES;
				MTL_ENABLE_DEBUG_INFO = NO;
				MTL_FAST_MATH = YES;
				SDKROOT = iphoneos;
				SWIFT_COMPILATION_MODE = wholemodule;
				VALIDATE_PRODUCT = YES;
			};
			name = Release;
		};
		D9E893F72B5B13E200CE7919 /* Debug */ = {
			isa = XCBuildConfiguration;
			baseConfigurationReference = 9AA207D1F5C469486CEA3FC5 /* Pods-GithubUserSearchApp.debug.xcconfig */;
			buildSettings = {
				ASSETCATALOG_COMPILER_APPICON_NAME = AppIcon;
				ASSETCATALOG_COMPILER_GLOBAL_ACCENT_COLOR_NAME = AccentColor;
				CODE_SIGN_STYLE = Automatic;
				CURRENT_PROJECT_VERSION = 1;
				DEVELOPMENT_TEAM = MLR3L2S47H;
				GENERATE_INFOPLIST_FILE = YES;
				INFOPLIST_FILE = GithubUserSearchApp/Support/Info.plist;
				INFOPLIST_KEY_UIApplicationSupportsIndirectInputEvents = YES;
				INFOPLIST_KEY_UILaunchStoryboardName = LaunchScreen;
				INFOPLIST_KEY_UIMainStoryboardFile = Main;
				INFOPLIST_KEY_UISupportedInterfaceOrientations_iPad = "UIInterfaceOrientationPortrait UIInterfaceOrientationPortraitUpsideDown UIInterfaceOrientationLandscapeLeft UIInterfaceOrientationLandscapeRight";
				INFOPLIST_KEY_UISupportedInterfaceOrientations_iPhone = "UIInterfaceOrientationPortrait UIInterfaceOrientationLandscapeLeft UIInterfaceOrientationLandscapeRight";
				LD_RUNPATH_SEARCH_PATHS = (
					"$(inherited)",
					"@executable_path/Frameworks",
				);
				MARKETING_VERSION = 1.0;
				PRODUCT_BUNDLE_IDENTIFIER = "com.Abdullah-Nur.GithubUserSearchApp";
				PRODUCT_NAME = "$(TARGET_NAME)";
				SWIFT_EMIT_LOC_STRINGS = YES;
				SWIFT_VERSION = 5.0;
				TARGETED_DEVICE_FAMILY = "1,2";
			};
			name = Debug;
		};
		D9E893F82B5B13E200CE7919 /* Release */ = {
			isa = XCBuildConfiguration;
			baseConfigurationReference = CAFB5805033F7C03F2745F60 /* Pods-GithubUserSearchApp.release.xcconfig */;
			buildSettings = {
				ASSETCATALOG_COMPILER_APPICON_NAME = AppIcon;
				ASSETCATALOG_COMPILER_GLOBAL_ACCENT_COLOR_NAME = AccentColor;
				CODE_SIGN_STYLE = Automatic;
				CURRENT_PROJECT_VERSION = 1;
				DEVELOPMENT_TEAM = MLR3L2S47H;
				GENERATE_INFOPLIST_FILE = YES;
				INFOPLIST_FILE = GithubUserSearchApp/Support/Info.plist;
				INFOPLIST_KEY_UIApplicationSupportsIndirectInputEvents = YES;
				INFOPLIST_KEY_UILaunchStoryboardName = LaunchScreen;
				INFOPLIST_KEY_UIMainStoryboardFile = Main;
				INFOPLIST_KEY_UISupportedInterfaceOrientations_iPad = "UIInterfaceOrientationPortrait UIInterfaceOrientationPortraitUpsideDown UIInterfaceOrientationLandscapeLeft UIInterfaceOrientationLandscapeRight";
				INFOPLIST_KEY_UISupportedInterfaceOrientations_iPhone = "UIInterfaceOrientationPortrait UIInterfaceOrientationLandscapeLeft UIInterfaceOrientationLandscapeRight";
				LD_RUNPATH_SEARCH_PATHS = (
					"$(inherited)",
					"@executable_path/Frameworks",
				);
				MARKETING_VERSION = 1.0;
				PRODUCT_BUNDLE_IDENTIFIER = "com.Abdullah-Nur.GithubUserSearchApp";
				PRODUCT_NAME = "$(TARGET_NAME)";
				SWIFT_EMIT_LOC_STRINGS = YES;
				SWIFT_VERSION = 5.0;
				TARGETED_DEVICE_FAMILY = "1,2";
			};
			name = Release;
		};
/* End XCBuildConfiguration section */

/* Begin XCConfigurationList section */
		D9E893DA2B5B13E000CE7919 /* Build configuration list for PBXProject "GithubUserSearchApp" */ = {
			isa = XCConfigurationList;
			buildConfigurations = (
				D9E893F42B5B13E200CE7919 /* Debug */,
				D9E893F52B5B13E200CE7919 /* Release */,
			);
			defaultConfigurationIsVisible = 0;
			defaultConfigurationName = Release;
		};
		D9E893F62B5B13E200CE7919 /* Build configuration list for PBXNativeTarget "GithubUserSearchApp" */ = {
			isa = XCConfigurationList;
			buildConfigurations = (
				D9E893F72B5B13E200CE7919 /* Debug */,
				D9E893F82B5B13E200CE7919 /* Release */,
			);
			defaultConfigurationIsVisible = 0;
			defaultConfigurationName = Release;
		};
/* End XCConfigurationList section */

/* Begin XCVersionGroup section */
		D9E893EB2B5B13E000CE7919 /* GithubUserSearchApp.xcdatamodeld */ = {
			isa = XCVersionGroup;
			children = (
				D9E893EC2B5B13E000CE7919 /* GithubUserSearchApp.xcdatamodel */,
			);
			currentVersion = D9E893EC2B5B13E000CE7919 /* GithubUserSearchApp.xcdatamodel */;
			path = GithubUserSearchApp.xcdatamodeld;
			sourceTree = "<group>";
			versionGroupType = wrapper.xcdatamodel;
		};
/* End XCVersionGroup section */
	};
	rootObject = D9E893D72B5B13E000CE7919 /* Project object */;
}
